<?xml version="1.0" encoding="utf-8"?>
<Project ToolsVersion="4.0" xmlns="http://schemas.microsoft.com/developer/msbuild/2003">
  <ItemGroup>
    <Filter Include="源文件">
      <UniqueIdentifier>{4FC737F1-C7A5-4376-A066-2A32D752A2FF}</UniqueIdentifier>
      <Extensions>cpp;c;cc;cxx;def;odl;idl;hpj;bat;asm;asmx</Extensions>
    </Filter>
    <Filter Include="头文件">
      <UniqueIdentifier>{93995380-89BD-4b04-88EB-625FBE52EBFB}</UniqueIdentifier>
      <Extensions>h;hh;hpp;hxx;hm;inl;inc;ipp;xsd</Extensions>
    </Filter>
    <Filter Include="资源文件">
      <UniqueIdentifier>{67DA6AB6-F800-4c08-8B7A-83BB121AAD01}</UniqueIdentifier>
      <Extensions>rc;ico;cur;bmp;dlg;rc2;rct;bin;rgs;gif;jpg;jpeg;jpe;resx;tiff;tif;png;wav;mfcribbon-ms</Extensions>
    </Filter>
    <Filter Include="项目实验">
      <UniqueIdentifier>{9d15c7ed-03ee-4c70-aa98-9c3159cf2d05}</UniqueIdentifier>
    </Filter>
    <Filter Include="项目实验\计算质数">
      <UniqueIdentifier>{f26f7661-09d3-441a-a63c-174a75a54db8}</UniqueIdentifier>
    </Filter>
    <Filter Include="项目实验\单链表">
      <UniqueIdentifier>{0a47794d-20f6-46ba-8010-cd257f532f14}</UniqueIdentifier>
    </Filter>
    <Filter Include="项目实验\双链表（模板）">
      <UniqueIdentifier>{870d2ed2-d974-4a49-a78d-b70b11ad71c4}</UniqueIdentifier>
    </Filter>
    <Filter Include="项目实验\结点">
      <UniqueIdentifier>{2dfcda38-1b2b-4150-bf48-11884200e933}</UniqueIdentifier>
    </Filter>
    <Filter Include="项目实验\栈">
      <UniqueIdentifier>{5214f0b8-87d6-41cf-b67f-3f9b48d59fb9}</UniqueIdentifier>
    </Filter>
    <Filter Include="项目实验\队列">
      <UniqueIdentifier>{d3609c9b-b6ea-46c2-babc-dfcb9ac23a85}</UniqueIdentifier>
    </Filter>
    <Filter Include="项目实验\递归">
      <UniqueIdentifier>{0e1c47c2-afd1-475e-9a1f-0fe8a9ff6305}</UniqueIdentifier>
    </Filter>
    <Filter Include="项目实验\串">
      <UniqueIdentifier>{25ed9e76-799e-42b7-8b90-4ad3737561f1}</UniqueIdentifier>
    </Filter>
    <Filter Include="项目实验\树">
      <UniqueIdentifier>{15780db5-07de-4874-9cf4-73aa2be0963f}</UniqueIdentifier>
    </Filter>
    <Filter Include="项目实验\树\二叉链">
      <UniqueIdentifier>{7641f1d2-5920-4ae3-9c1c-7e672da9afcd}</UniqueIdentifier>
    </Filter>
  </ItemGroup>
  <ItemGroup>
    <ClInclude Include="pch.h">
      <Filter>头文件</Filter>
    </ClInclude>
    <ClInclude Include="header.h">
      <Filter>头文件</Filter>
    </ClInclude>
    <ClInclude Include="DuLinkedList.h">
      <Filter>项目实验\双链表（模板）</Filter>
    </ClInclude>
    <ClInclude Include="SinglyLinkedList.h">
      <Filter>项目实验\单链表</Filter>
    </ClInclude>
    <ClInclude Include="PrimeCount.h">
      <Filter>项目实验\计算质数</Filter>
    </ClInclude>
    <ClInclude Include="Node.h">
      <Filter>项目实验\结点</Filter>
    </ClInclude>
    <ClInclude Include="SqStack.h">
      <Filter>项目实验\栈</Filter>
    </ClInclude>
    <ClInclude Include="LinkedQueue.h">
      <Filter>项目实验\队列</Filter>
    </ClInclude>
    <ClInclude Include="CirQueue.h">
      <Filter>项目实验\队列</Filter>
    </ClInclude>
    <ClInclude Include="Maze.h">
      <Filter>项目实验\结点</Filter>
    </ClInclude>
    <ClInclude Include="Hanoi.h">
      <Filter>项目实验\递归</Filter>
    </ClInclude>
    <ClInclude Include="SeqQueue.h">
      <Filter>项目实验\队列</Filter>
    </ClInclude>
    <ClInclude Include="SqString.h">
      <Filter>项目实验\串</Filter>
    </ClInclude>
    <ClInclude Include="BTree.h">
      <Filter>项目实验\树\二叉链</Filter>
    </ClInclude>
  </ItemGroup>
  <ItemGroup>
    <ClCompile Include="pch.cpp">
      <Filter>源文件</Filter>
    </ClCompile>
    <ClCompile Include="DuLinkedList.cpp">
      <Filter>项目实验\双链表（模板）</Filter>
    </ClCompile>
    <ClCompile Include="SinglyLinkedList.cpp">
      <Filter>项目实验\单链表</Filter>
    </ClCompile>
    <ClCompile Include="PrimeCount.cpp">
      <Filter>项目实验\计算质数</Filter>
    </ClCompile>
    <ClCompile Include="Node.cpp">
      <Filter>项目实验\结点</Filter>
    </ClCompile>
    <ClCompile Include="SqStack.cpp">
      <Filter>项目实验\栈</Filter>
    </ClCompile>
    <ClCompile Include="DataStructure.cpp">
      <Filter>源文件</Filter>
    </ClCompile>
    <ClCompile Include="LinkedQueue.cpp">
      <Filter>项目实验\队列</Filter>
    </ClCompile>
    <ClCompile Include="CirQueue.cpp">
      <Filter>项目实验\队列</Filter>
    </ClCompile>
    <ClCompile Include="Maze.cpp">
      <Filter>项目实验\结点</Filter>
    </ClCompile>
    <ClCompile Include="Hanoi.cpp">
      <Filter>项目实验\递归</Filter>
    </ClCompile>
    <ClCompile Include="SeqQueue.cpp">
      <Filter>项目实验\队列</Filter>
    </ClCompile>
    <ClCompile Include="SqString.cpp">
      <Filter>项目实验\串</Filter>
    </ClCompile>
    <ClCompile Include="BTree.cpp">
      <Filter>项目实验\树\二叉链</Filter>
    </ClCompile>
  </ItemGroup>
  <ItemGroup>
    <None Include="cpp.hint" />
  </ItemGroup>
</Project>